
Microsoft Visual Studio Solution File, Format Version 12.00
# Visual Studio 14
VisualStudioVersion = 14.0.25420.1
MinimumVisualStudioVersion = 10.0.40219.1
Project("{FAE04EC0-301F-11D3-BF4B-00C04F79EFBC}") = "R_test_1", "R_test_1\R_test_1.csproj", "{2DD0A6A0-7187-4F24-B7D8-1226838B8BE6}"
EndProject
Global
	GlobalSection(SolutionConfigurationPlatforms) = preSolution
		Debug|Any CPU = Debug|Any CPU
		Release|Any CPU = Release|Any CPU
	EndGlobalSection
	GlobalSection(ProjectConfigurationPlatforms) = postSolution
		{2DD0A6A0-7187-4F24-B7D8-1226838B8BE6}.Debug|Any CPU.ActiveCfg = Debug|Any CPU
		{2DD0A6A0-7187-4F24-B7D8-1226838B8BE6}.Debug|Any CPU.Build.0 = Debug|Any CPU
		{2DD0A6A0-7187-4F24-B7D8-1226838B8BE6}.Release|Any CPU.ActiveCfg = Release|Any CPU
		{2DD0A6A0-7187-4F24-B7D8-1226838B8BE6}.Release|Any CPU.Build.0 = Release|Any CPU
	EndGlobalSection
	GlobalSection(SolutionProperties) = preSolution
		HideSolutionNode = FALSE
	EndGlobalSection
EndGlobal
